
Microsoft Visual Studio Solution File, Format Version 12.00
# Visual Studio Version 16
VisualStudioVersion = 16.0.29306.81
MinimumVisualStudioVersion = 10.0.40219.1
Project("{FAE04EC0-301F-11D3-BF4B-00C04F79EFBC}") = "kostroEugenProvjeraZnanjaZadatak2", "kostroEugenProvjeraZnanjaZadatak2\kostroEugenProvjeraZnanjaZadatak2.csproj", "{89570229-DB7F-4269-98AD-AB80CA87FD59}"
EndProject
Global
	GlobalSection(SolutionConfigurationPlatforms) = preSolution
		Debug|Any CPU = Debug|Any CPU
		Release|Any CPU = Release|Any CPU
	EndGlobalSection
	GlobalSection(ProjectConfigurationPlatforms) = postSolution
		{89570229-DB7F-4269-98AD-AB80CA87FD59}.Debug|Any CPU.ActiveCfg = Debug|Any CPU
		{89570229-DB7F-4269-98AD-AB80CA87FD59}.Debug|Any CPU.Build.0 = Debug|Any CPU
		{89570229-DB7F-4269-98AD-AB80CA87FD59}.Release|Any CPU.ActiveCfg = Release|Any CPU
		{89570229-DB7F-4269-98AD-AB80CA87FD59}.Release|Any CPU.Build.0 = Release|Any CPU
	EndGlobalSection
	GlobalSection(SolutionProperties) = preSolution
		HideSolutionNode = FALSE
	EndGlobalSection
	GlobalSection(ExtensibilityGlobals) = postSolution
		SolutionGuid = {EAAA94A5-4DC0-472C-8BC5-94ABA0226A8C}
	EndGlobalSection
EndGlobal
